// !$*UTF8*$!
{
	archiveVersion = 1;
	classes = {
	};
	objectVersion = 52;
	objects = {

/* Begin PBXBuildFile section */
		590533A4235F09300005CA8B /* TrainStation.swift in Sources */ = {isa = PBXBuildFile; fileRef = 590533A3235F09300005CA8B /* TrainStation.swift */; };
		590533A6235F09820005CA8B /* TrainStationManager.swift in Sources */ = {isa = PBXBuildFile; fileRef = 590533A5235F09820005CA8B /* TrainStationManager.swift */; };
		590533A8235F0AB40005CA8B /* Schedule.swift in Sources */ = {isa = PBXBuildFile; fileRef = 590533A7235F0AB40005CA8B /* Schedule.swift */; };
		590533AD235F0D370005CA8B /* KeirmotUtils in Frameworks */ = {isa = PBXBuildFile; productRef = 590533AC235F0D370005CA8B /* KeirmotUtils */; };
		590533B1235F100C0005CA8B /* Constants.swift in Sources */ = {isa = PBXBuildFile; fileRef = 590533B0235F100C0005CA8B /* Constants.swift */; };
		592AA0872361980200091ED1 /* ContactCard.swift in Sources */ = {isa = PBXBuildFile; fileRef = 592AA0862361980200091ED1 /* ContactCard.swift */; };
		592AA08D2361C28C00091ED1 /* ScheduleCard.swift in Sources */ = {isa = PBXBuildFile; fileRef = 592AA08C2361C28C00091ED1 /* ScheduleCard.swift */; };
		5959042823D0B018000F9C95 /* ScheduleTypeTableViewCell.swift in Sources */ = {isa = PBXBuildFile; fileRef = 5959042623D0B018000F9C95 /* ScheduleTypeTableViewCell.swift */; };
		5959042923D0B018000F9C95 /* ScheduleTypeTableViewCell.xib in Resources */ = {isa = PBXBuildFile; fileRef = 5959042723D0B018000F9C95 /* ScheduleTypeTableViewCell.xib */; };
		5959042C23D0B651000F9C95 /* ScheduleTableViewCell.swift in Sources */ = {isa = PBXBuildFile; fileRef = 5959042A23D0B651000F9C95 /* ScheduleTableViewCell.swift */; };
		5959042D23D0B651000F9C95 /* ScheduleTableViewCell.xib in Resources */ = {isa = PBXBuildFile; fileRef = 5959042B23D0B651000F9C95 /* ScheduleTableViewCell.xib */; };
		5959043023D0C9D1000F9C95 /* ContactCollectionViewCell.swift in Sources */ = {isa = PBXBuildFile; fileRef = 5959042E23D0C9D1000F9C95 /* ContactCollectionViewCell.swift */; };
		5959043123D0C9D1000F9C95 /* ContactCollectionViewCell.xib in Resources */ = {isa = PBXBuildFile; fileRef = 5959042F23D0C9D1000F9C95 /* ContactCollectionViewCell.xib */; };
		596CF14323607A2B00ED1A03 /* StationScreen.swift in Sources */ = {isa = PBXBuildFile; fileRef = 596CF14223607A2B00ED1A03 /* StationScreen.swift */; };
		59767FEE2362259300D5BCE1 /* StationSearchScreen.swift in Sources */ = {isa = PBXBuildFile; fileRef = 59767FED2362259300D5BCE1 /* StationSearchScreen.swift */; };
		59767FF0236238FF00D5BCE1 /* HomeScreen.swift in Sources */ = {isa = PBXBuildFile; fileRef = 59767FEF236238FF00D5BCE1 /* HomeScreen.swift */; };
		5996B07E23CF558F006533E9 /* StationDetailsTableViewCell.swift in Sources */ = {isa = PBXBuildFile; fileRef = 5996B07C23CF558F006533E9 /* StationDetailsTableViewCell.swift */; };
		5996B07F23CF558F006533E9 /* StationDetailsTableViewCell.xib in Resources */ = {isa = PBXBuildFile; fileRef = 5996B07D23CF558F006533E9 /* StationDetailsTableViewCell.xib */; };
		5996B08223CF6569006533E9 /* ContactsTableViewCell.swift in Sources */ = {isa = PBXBuildFile; fileRef = 5996B08023CF6569006533E9 /* ContactsTableViewCell.swift */; };
		5996B08323CF6569006533E9 /* ContactsTableViewCell.xib in Resources */ = {isa = PBXBuildFile; fileRef = 5996B08123CF6569006533E9 /* ContactsTableViewCell.xib */; };
		59B9C2B02362DEA80019ABEB /* NavigationConfigurator.swift in Sources */ = {isa = PBXBuildFile; fileRef = 59B9C2AF2362DEA80019ABEB /* NavigationConfigurator.swift */; };
		59CCF90023CE13E9001F8B04 /* HomeViewController.swift in Sources */ = {isa = PBXBuildFile; fileRef = 59CCF8FE23CE13E9001F8B04 /* HomeViewController.swift */; };
		59CCF90123CE13E9001F8B04 /* HomeViewController.xib in Resources */ = {isa = PBXBuildFile; fileRef = 59CCF8FF23CE13E9001F8B04 /* HomeViewController.xib */; };
		59CCF90523CE1A5B001F8B04 /* SearchViewController.swift in Sources */ = {isa = PBXBuildFile; fileRef = 59CCF90323CE1A5B001F8B04 /* SearchViewController.swift */; };
		59CCF90623CE1A5B001F8B04 /* SearchViewController.xib in Resources */ = {isa = PBXBuildFile; fileRef = 59CCF90423CE1A5B001F8B04 /* SearchViewController.xib */; };
		59CCF90923CE1DA1001F8B04 /* TrainStationTableViewCell.swift in Sources */ = {isa = PBXBuildFile; fileRef = 59CCF90723CE1DA1001F8B04 /* TrainStationTableViewCell.swift */; };
		59CCF90A23CE1DA1001F8B04 /* TrainStationTableViewCell.xib in Resources */ = {isa = PBXBuildFile; fileRef = 59CCF90823CE1DA1001F8B04 /* TrainStationTableViewCell.xib */; };
		59CCF90E23CE22F2001F8B04 /* StationViewController.swift in Sources */ = {isa = PBXBuildFile; fileRef = 59CCF90C23CE22F2001F8B04 /* StationViewController.swift */; };
		59CCF90F23CE22F2001F8B04 /* StationViewController.xib in Resources */ = {isa = PBXBuildFile; fileRef = 59CCF90D23CE22F2001F8B04 /* StationViewController.xib */; };
		59CCF91223CE456C001F8B04 /* HeaderTableViewCell.swift in Sources */ = {isa = PBXBuildFile; fileRef = 59CCF91023CE456C001F8B04 /* HeaderTableViewCell.swift */; };
		59CCF91323CE456C001F8B04 /* HeaderTableViewCell.xib in Resources */ = {isa = PBXBuildFile; fileRef = 59CCF91123CE456C001F8B04 /* HeaderTableViewCell.xib */; };
		59E13A0B23630D8C003C4E54 /* ViewStationRow.swift in Sources */ = {isa = PBXBuildFile; fileRef = 59E13A0A23630D8C003C4E54 /* ViewStationRow.swift */; };
		59E13A0E23631183003C4E54 /* Localizable.strings in Resources */ = {isa = PBXBuildFile; fileRef = 59E13A1023631183003C4E54 /* Localizable.strings */; };
		59F47E0A2351BDC7001F8C47 /* AppDelegate.swift in Sources */ = {isa = PBXBuildFile; fileRef = 59F47E092351BDC7001F8C47 /* AppDelegate.swift */; };
		59F47E102351BDC8001F8C47 /* Assets.xcassets in Resources */ = {isa = PBXBuildFile; fileRef = 59F47E0F2351BDC8001F8C47 /* Assets.xcassets */; };
		59F47E132351BDC8001F8C47 /* Preview Assets.xcassets in Resources */ = {isa = PBXBuildFile; fileRef = 59F47E122351BDC8001F8C47 /* Preview Assets.xcassets */; };
		59F47E162351BDC8001F8C47 /* LaunchScreen.storyboard in Resources */ = {isa = PBXBuildFile; fileRef = 59F47E142351BDC8001F8C47 /* LaunchScreen.storyboard */; };
		59F47E212351BDC8001F8C47 /* redETests.swift in Sources */ = {isa = PBXBuildFile; fileRef = 59F47E202351BDC8001F8C47 /* redETests.swift */; };
/* End PBXBuildFile section */

/* Begin PBXContainerItemProxy section */
		59F47E1D2351BDC8001F8C47 /* PBXContainerItemProxy */ = {
			isa = PBXContainerItemProxy;
			containerPortal = 59F47DFE2351BDC7001F8C47 /* Project object */;
			proxyType = 1;
			remoteGlobalIDString = 59F47E052351BDC7001F8C47;
			remoteInfo = redE;
		};
/* End PBXContainerItemProxy section */

/* Begin PBXFileReference section */
		590533A3235F09300005CA8B /* TrainStation.swift */ = {isa = PBXFileReference; fileEncoding = 4; lastKnownFileType = sourcecode.swift; path = TrainStation.swift; sourceTree = "<group>"; };
		590533A5235F09820005CA8B /* TrainStationManager.swift */ = {isa = PBXFileReference; lastKnownFileType = sourcecode.swift; path = TrainStationManager.swift; sourceTree = "<group>"; };
		590533A7235F0AB40005CA8B /* Schedule.swift */ = {isa = PBXFileReference; fileEncoding = 4; lastKnownFileType = sourcecode.swift; path = Schedule.swift; sourceTree = "<group>"; };
		590533B0235F100C0005CA8B /* Constants.swift */ = {isa = PBXFileReference; fileEncoding = 4; lastKnownFileType = sourcecode.swift; path = Constants.swift; sourceTree = "<group>"; };
		592AA0862361980200091ED1 /* ContactCard.swift */ = {isa = PBXFileReference; lastKnownFileType = sourcecode.swift; path = ContactCard.swift; sourceTree = "<group>"; };
		592AA08C2361C28C00091ED1 /* ScheduleCard.swift */ = {isa = PBXFileReference; lastKnownFileType = sourcecode.swift; path = ScheduleCard.swift; sourceTree = "<group>"; };
		5959042623D0B018000F9C95 /* ScheduleTypeTableViewCell.swift */ = {isa = PBXFileReference; lastKnownFileType = sourcecode.swift; path = ScheduleTypeTableViewCell.swift; sourceTree = "<group>"; };
		5959042723D0B018000F9C95 /* ScheduleTypeTableViewCell.xib */ = {isa = PBXFileReference; lastKnownFileType = file.xib; path = ScheduleTypeTableViewCell.xib; sourceTree = "<group>"; };
		5959042A23D0B651000F9C95 /* ScheduleTableViewCell.swift */ = {isa = PBXFileReference; lastKnownFileType = sourcecode.swift; path = ScheduleTableViewCell.swift; sourceTree = "<group>"; };
		5959042B23D0B651000F9C95 /* ScheduleTableViewCell.xib */ = {isa = PBXFileReference; lastKnownFileType = file.xib; path = ScheduleTableViewCell.xib; sourceTree = "<group>"; };
		5959042E23D0C9D1000F9C95 /* ContactCollectionViewCell.swift */ = {isa = PBXFileReference; lastKnownFileType = sourcecode.swift; path = ContactCollectionViewCell.swift; sourceTree = "<group>"; };
		5959042F23D0C9D1000F9C95 /* ContactCollectionViewCell.xib */ = {isa = PBXFileReference; lastKnownFileType = file.xib; path = ContactCollectionViewCell.xib; sourceTree = "<group>"; };
		596CF14223607A2B00ED1A03 /* StationScreen.swift */ = {isa = PBXFileReference; lastKnownFileType = sourcecode.swift; path = StationScreen.swift; sourceTree = "<group>"; };
		59767FED2362259300D5BCE1 /* StationSearchScreen.swift */ = {isa = PBXFileReference; lastKnownFileType = sourcecode.swift; path = StationSearchScreen.swift; sourceTree = "<group>"; };
		59767FEF236238FF00D5BCE1 /* HomeScreen.swift */ = {isa = PBXFileReference; fileEncoding = 4; lastKnownFileType = sourcecode.swift; path = HomeScreen.swift; sourceTree = "<group>"; };
		5996B07C23CF558F006533E9 /* StationDetailsTableViewCell.swift */ = {isa = PBXFileReference; lastKnownFileType = sourcecode.swift; path = StationDetailsTableViewCell.swift; sourceTree = "<group>"; };
		5996B07D23CF558F006533E9 /* StationDetailsTableViewCell.xib */ = {isa = PBXFileReference; lastKnownFileType = file.xib; path = StationDetailsTableViewCell.xib; sourceTree = "<group>"; };
		5996B08023CF6569006533E9 /* ContactsTableViewCell.swift */ = {isa = PBXFileReference; lastKnownFileType = sourcecode.swift; path = ContactsTableViewCell.swift; sourceTree = "<group>"; };
		5996B08123CF6569006533E9 /* ContactsTableViewCell.xib */ = {isa = PBXFileReference; lastKnownFileType = file.xib; path = ContactsTableViewCell.xib; sourceTree = "<group>"; };
		59B9C2AF2362DEA80019ABEB /* NavigationConfigurator.swift */ = {isa = PBXFileReference; lastKnownFileType = sourcecode.swift; path = NavigationConfigurator.swift; sourceTree = "<group>"; };
		59CCF8FE23CE13E9001F8B04 /* HomeViewController.swift */ = {isa = PBXFileReference; lastKnownFileType = sourcecode.swift; path = HomeViewController.swift; sourceTree = "<group>"; };
		59CCF8FF23CE13E9001F8B04 /* HomeViewController.xib */ = {isa = PBXFileReference; lastKnownFileType = file.xib; path = HomeViewController.xib; sourceTree = "<group>"; };
		59CCF90323CE1A5B001F8B04 /* SearchViewController.swift */ = {isa = PBXFileReference; lastKnownFileType = sourcecode.swift; path = SearchViewController.swift; sourceTree = "<group>"; };
		59CCF90423CE1A5B001F8B04 /* SearchViewController.xib */ = {isa = PBXFileReference; lastKnownFileType = file.xib; path = SearchViewController.xib; sourceTree = "<group>"; };
		59CCF90723CE1DA1001F8B04 /* TrainStationTableViewCell.swift */ = {isa = PBXFileReference; lastKnownFileType = sourcecode.swift; path = TrainStationTableViewCell.swift; sourceTree = "<group>"; };
		59CCF90823CE1DA1001F8B04 /* TrainStationTableViewCell.xib */ = {isa = PBXFileReference; lastKnownFileType = file.xib; path = TrainStationTableViewCell.xib; sourceTree = "<group>"; };
		59CCF90C23CE22F2001F8B04 /* StationViewController.swift */ = {isa = PBXFileReference; lastKnownFileType = sourcecode.swift; path = StationViewController.swift; sourceTree = "<group>"; };
		59CCF90D23CE22F2001F8B04 /* StationViewController.xib */ = {isa = PBXFileReference; lastKnownFileType = file.xib; path = StationViewController.xib; sourceTree = "<group>"; };
		59CCF91023CE456C001F8B04 /* HeaderTableViewCell.swift */ = {isa = PBXFileReference; lastKnownFileType = sourcecode.swift; path = HeaderTableViewCell.swift; sourceTree = "<group>"; };
		59CCF91123CE456C001F8B04 /* HeaderTableViewCell.xib */ = {isa = PBXFileReference; lastKnownFileType = file.xib; path = HeaderTableViewCell.xib; sourceTree = "<group>"; };
		59E13A0A23630D8C003C4E54 /* ViewStationRow.swift */ = {isa = PBXFileReference; lastKnownFileType = sourcecode.swift; path = ViewStationRow.swift; sourceTree = "<group>"; };
		59E13A0F23631183003C4E54 /* en */ = {isa = PBXFileReference; lastKnownFileType = text.plist.strings; name = en; path = en.lproj/Localizable.strings; sourceTree = "<group>"; };
		59E13A11236311A2003C4E54 /* pt-PT */ = {isa = PBXFileReference; lastKnownFileType = text.plist.strings; name = "pt-PT"; path = "pt-PT.lproj/Localizable.strings"; sourceTree = "<group>"; };
		59E13A12236311AA003C4E54 /* pt-BR */ = {isa = PBXFileReference; lastKnownFileType = text.plist.strings; name = "pt-BR"; path = "pt-BR.lproj/Localizable.strings"; sourceTree = "<group>"; };
		59F47E062351BDC7001F8C47 /* redE.app */ = {isa = PBXFileReference; explicitFileType = wrapper.application; includeInIndex = 0; path = redE.app; sourceTree = BUILT_PRODUCTS_DIR; };
		59F47E092351BDC7001F8C47 /* AppDelegate.swift */ = {isa = PBXFileReference; lastKnownFileType = sourcecode.swift; path = AppDelegate.swift; sourceTree = "<group>"; };
		59F47E0F2351BDC8001F8C47 /* Assets.xcassets */ = {isa = PBXFileReference; lastKnownFileType = folder.assetcatalog; path = Assets.xcassets; sourceTree = "<group>"; };
		59F47E122351BDC8001F8C47 /* Preview Assets.xcassets */ = {isa = PBXFileReference; lastKnownFileType = folder.assetcatalog; path = "Preview Assets.xcassets"; sourceTree = "<group>"; };
		59F47E152351BDC8001F8C47 /* Base */ = {isa = PBXFileReference; lastKnownFileType = file.storyboard; name = Base; path = Base.lproj/LaunchScreen.storyboard; sourceTree = "<group>"; };
		59F47E172351BDC8001F8C47 /* Info.plist */ = {isa = PBXFileReference; lastKnownFileType = text.plist.xml; path = Info.plist; sourceTree = "<group>"; };
		59F47E1C2351BDC8001F8C47 /* redETests.xctest */ = {isa = PBXFileReference; explicitFileType = wrapper.cfbundle; includeInIndex = 0; path = redETests.xctest; sourceTree = BUILT_PRODUCTS_DIR; };
		59F47E202351BDC8001F8C47 /* redETests.swift */ = {isa = PBXFileReference; lastKnownFileType = sourcecode.swift; path = redETests.swift; sourceTree = "<group>"; };
		59F47E222351BDC8001F8C47 /* Info.plist */ = {isa = PBXFileReference; lastKnownFileType = text.plist.xml; path = Info.plist; sourceTree = "<group>"; };
/* End PBXFileReference section */

/* Begin PBXFrameworksBuildPhase section */
		59F47E032351BDC7001F8C47 /* Frameworks */ = {
			isa = PBXFrameworksBuildPhase;
			buildActionMask = 2147483647;
			files = (
				590533AD235F0D370005CA8B /* KeirmotUtils in Frameworks */,
			);
			runOnlyForDeploymentPostprocessing = 0;
		};
		59F47E192351BDC8001F8C47 /* Frameworks */ = {
			isa = PBXFrameworksBuildPhase;
			buildActionMask = 2147483647;
			files = (
			);
			runOnlyForDeploymentPostprocessing = 0;
		};
/* End PBXFrameworksBuildPhase section */

/* Begin PBXGroup section */
		590533A9235F0AF40005CA8B /* Models */ = {
			isa = PBXGroup;
			children = (
				590533A3235F09300005CA8B /* TrainStation.swift */,
				590533A7235F0AB40005CA8B /* Schedule.swift */,
			);
			path = Models;
			sourceTree = "<group>";
		};
		590533AA235F0B0D0005CA8B /* Managers */ = {
			isa = PBXGroup;
			children = (
				590533A5235F09820005CA8B /* TrainStationManager.swift */,
			);
			path = Managers;
			sourceTree = "<group>";
		};
		5959043223D0C9D4000F9C95 /* CollectionViewCells */ = {
			isa = PBXGroup;
			children = (
				5959042E23D0C9D1000F9C95 /* ContactCollectionViewCell.swift */,
				5959042F23D0C9D1000F9C95 /* ContactCollectionViewCell.xib */,
			);
			path = CollectionViewCells;
			sourceTree = "<group>";
		};
		59CCF90223CE13EE001F8B04 /* ViewControllers */ = {
			isa = PBXGroup;
			children = (
				59CCF8FE23CE13E9001F8B04 /* HomeViewController.swift */,
				59CCF8FF23CE13E9001F8B04 /* HomeViewController.xib */,
				59CCF90323CE1A5B001F8B04 /* SearchViewController.swift */,
				59CCF90423CE1A5B001F8B04 /* SearchViewController.xib */,
				59CCF90C23CE22F2001F8B04 /* StationViewController.swift */,
				59CCF90D23CE22F2001F8B04 /* StationViewController.xib */,
			);
			path = ViewControllers;
			sourceTree = "<group>";
		};
		59CCF90B23CE1DA7001F8B04 /* TableViewCells */ = {
			isa = PBXGroup;
			children = (
				59CCF90723CE1DA1001F8B04 /* TrainStationTableViewCell.swift */,
				59CCF90823CE1DA1001F8B04 /* TrainStationTableViewCell.xib */,
				59CCF91023CE456C001F8B04 /* HeaderTableViewCell.swift */,
				59CCF91123CE456C001F8B04 /* HeaderTableViewCell.xib */,
				5996B07C23CF558F006533E9 /* StationDetailsTableViewCell.swift */,
				5996B07D23CF558F006533E9 /* StationDetailsTableViewCell.xib */,
				5996B08023CF6569006533E9 /* ContactsTableViewCell.swift */,
				5996B08123CF6569006533E9 /* ContactsTableViewCell.xib */,
				5959042623D0B018000F9C95 /* ScheduleTypeTableViewCell.swift */,
				5959042723D0B018000F9C95 /* ScheduleTypeTableViewCell.xib */,
				5959042A23D0B651000F9C95 /* ScheduleTableViewCell.swift */,
				5959042B23D0B651000F9C95 /* ScheduleTableViewCell.xib */,
			);
			path = TableViewCells;
			sourceTree = "<group>";
		};
		59F47DFD2351BDC7001F8C47 = {
			isa = PBXGroup;
			children = (
				59F47E2C2351BE33001F8C47 /* Targets */,
				59F47E082351BDC7001F8C47 /* Source */,
				59F47E1F2351BDC8001F8C47 /* redETests */,
				59F47E072351BDC7001F8C47 /* Products */,
			);
			sourceTree = "<group>";
		};
		59F47E072351BDC7001F8C47 /* Products */ = {
			isa = PBXGroup;
			children = (
				59F47E062351BDC7001F8C47 /* redE.app */,
				59F47E1C2351BDC8001F8C47 /* redETests.xctest */,
			);
			name = Products;
			sourceTree = "<group>";
		};
		59F47E082351BDC7001F8C47 /* Source */ = {
			isa = PBXGroup;
			children = (
				59F47E092351BDC7001F8C47 /* AppDelegate.swift */,
				590533B0235F100C0005CA8B /* Constants.swift */,
				590533AA235F0B0D0005CA8B /* Managers */,
				590533A9235F0AF40005CA8B /* Models */,
				59F47E112351BDC8001F8C47 /* Preview Content */,
				59F47E2B2351BE10001F8C47 /* Views */,
				59CCF90223CE13EE001F8B04 /* ViewControllers */,
				59CCF90B23CE1DA7001F8B04 /* TableViewCells */,
				5959043223D0C9D4000F9C95 /* CollectionViewCells */,
			);
			path = Source;
			sourceTree = "<group>";
		};
		59F47E112351BDC8001F8C47 /* Preview Content */ = {
			isa = PBXGroup;
			children = (
				59F47E122351BDC8001F8C47 /* Preview Assets.xcassets */,
			);
			path = "Preview Content";
			sourceTree = "<group>";
		};
		59F47E1F2351BDC8001F8C47 /* redETests */ = {
			isa = PBXGroup;
			children = (
				59F47E202351BDC8001F8C47 /* redETests.swift */,
				59F47E222351BDC8001F8C47 /* Info.plist */,
			);
			path = redETests;
			sourceTree = "<group>";
		};
		59F47E2B2351BE10001F8C47 /* Views */ = {
			isa = PBXGroup;
			children = (
				592AA0862361980200091ED1 /* ContactCard.swift */,
				59767FEF236238FF00D5BCE1 /* HomeScreen.swift */,
				592AA08C2361C28C00091ED1 /* ScheduleCard.swift */,
				596CF14223607A2B00ED1A03 /* StationScreen.swift */,
				59767FED2362259300D5BCE1 /* StationSearchScreen.swift */,
				59B9C2AF2362DEA80019ABEB /* NavigationConfigurator.swift */,
				59E13A0A23630D8C003C4E54 /* ViewStationRow.swift */,
			);
			path = Views;
			sourceTree = "<group>";
		};
		59F47E2C2351BE33001F8C47 /* Targets */ = {
			isa = PBXGroup;
			children = (
				59F47E2D2351BE44001F8C47 /* redE */,
			);
			path = Targets;
			sourceTree = "<group>";
		};
		59F47E2D2351BE44001F8C47 /* redE */ = {
			isa = PBXGroup;
			children = (
				59F47E0F2351BDC8001F8C47 /* Assets.xcassets */,
				59F47E142351BDC8001F8C47 /* LaunchScreen.storyboard */,
				59F47E172351BDC8001F8C47 /* Info.plist */,
				59E13A1023631183003C4E54 /* Localizable.strings */,
			);
			path = redE;
			sourceTree = "<group>";
		};
/* End PBXGroup section */

/* Begin PBXNativeTarget section */
		59F47E052351BDC7001F8C47 /* redE */ = {
			isa = PBXNativeTarget;
			buildConfigurationList = 59F47E252351BDC8001F8C47 /* Build configuration list for PBXNativeTarget "redE" */;
			buildPhases = (
				59F47E022351BDC7001F8C47 /* Sources */,
				59F47E032351BDC7001F8C47 /* Frameworks */,
				59F47E042351BDC7001F8C47 /* Resources */,
			);
			buildRules = (
			);
			dependencies = (
			);
			name = redE;
			packageProductDependencies = (
				590533AC235F0D370005CA8B /* KeirmotUtils */,
			);
			productName = redE;
			productReference = 59F47E062351BDC7001F8C47 /* redE.app */;
			productType = "com.apple.product-type.application";
		};
		59F47E1B2351BDC8001F8C47 /* redETests */ = {
			isa = PBXNativeTarget;
			buildConfigurationList = 59F47E282351BDC8001F8C47 /* Build configuration list for PBXNativeTarget "redETests" */;
			buildPhases = (
				59F47E182351BDC8001F8C47 /* Sources */,
				59F47E192351BDC8001F8C47 /* Frameworks */,
				59F47E1A2351BDC8001F8C47 /* Resources */,
			);
			buildRules = (
			);
			dependencies = (
				59F47E1E2351BDC8001F8C47 /* PBXTargetDependency */,
			);
			name = redETests;
			productName = redETests;
			productReference = 59F47E1C2351BDC8001F8C47 /* redETests.xctest */;
			productType = "com.apple.product-type.bundle.unit-test";
		};
/* End PBXNativeTarget section */

/* Begin PBXProject section */
		59F47DFE2351BDC7001F8C47 /* Project object */ = {
			isa = PBXProject;
			attributes = {
				LastSwiftUpdateCheck = 1100;
				LastUpgradeCheck = 1100;
				ORGANIZATIONNAME = "Joao Pires";
				TargetAttributes = {
					59F47E052351BDC7001F8C47 = {
						CreatedOnToolsVersion = 11.0;
					};
					59F47E1B2351BDC8001F8C47 = {
						CreatedOnToolsVersion = 11.0;
						TestTargetID = 59F47E052351BDC7001F8C47;
					};
				};
			};
			buildConfigurationList = 59F47E012351BDC7001F8C47 /* Build configuration list for PBXProject "redE" */;
			compatibilityVersion = "Xcode 9.3";
			developmentRegion = en;
			hasScannedForEncodings = 0;
			knownRegions = (
				en,
				Base,
				"pt-PT",
				"pt-BR",
			);
			mainGroup = 59F47DFD2351BDC7001F8C47;
			packageReferences = (
				590533AB235F0D370005CA8B /* XCRemoteSwiftPackageReference "KeirmotUtils" */,
			);
			productRefGroup = 59F47E072351BDC7001F8C47 /* Products */;
			projectDirPath = "";
			projectRoot = "";
			targets = (
				59F47E052351BDC7001F8C47 /* redE */,
				59F47E1B2351BDC8001F8C47 /* redETests */,
			);
		};
/* End PBXProject section */

/* Begin PBXResourcesBuildPhase section */
		59F47E042351BDC7001F8C47 /* Resources */ = {
			isa = PBXResourcesBuildPhase;
			buildActionMask = 2147483647;
			files = (
				59F47E162351BDC8001F8C47 /* LaunchScreen.storyboard in Resources */,
				5996B07F23CF558F006533E9 /* StationDetailsTableViewCell.xib in Resources */,
				59CCF91323CE456C001F8B04 /* HeaderTableViewCell.xib in Resources */,
				59CCF90A23CE1DA1001F8B04 /* TrainStationTableViewCell.xib in Resources */,
				59E13A0E23631183003C4E54 /* Localizable.strings in Resources */,
				59CCF90F23CE22F2001F8B04 /* StationViewController.xib in Resources */,
				5996B08323CF6569006533E9 /* ContactsTableViewCell.xib in Resources */,
				5959043123D0C9D1000F9C95 /* ContactCollectionViewCell.xib in Resources */,
				59CCF90623CE1A5B001F8B04 /* SearchViewController.xib in Resources */,
				5959042923D0B018000F9C95 /* ScheduleTypeTableViewCell.xib in Resources */,
				5959042D23D0B651000F9C95 /* ScheduleTableViewCell.xib in Resources */,
				59CCF90123CE13E9001F8B04 /* HomeViewController.xib in Resources */,
				59F47E132351BDC8001F8C47 /* Preview Assets.xcassets in Resources */,
				59F47E102351BDC8001F8C47 /* Assets.xcassets in Resources */,
			);
			runOnlyForDeploymentPostprocessing = 0;
		};
		59F47E1A2351BDC8001F8C47 /* Resources */ = {
			isa = PBXResourcesBuildPhase;
			buildActionMask = 2147483647;
			files = (
			);
			runOnlyForDeploymentPostprocessing = 0;
		};
/* End PBXResourcesBuildPhase section */

/* Begin PBXSourcesBuildPhase section */
		59F47E022351BDC7001F8C47 /* Sources */ = {
			isa = PBXSourcesBuildPhase;
			buildActionMask = 2147483647;
			files = (
				590533A8235F0AB40005CA8B /* Schedule.swift in Sources */,
				59F47E0A2351BDC7001F8C47 /* AppDelegate.swift in Sources */,
				590533A4235F09300005CA8B /* TrainStation.swift in Sources */,
				5959043023D0C9D1000F9C95 /* ContactCollectionViewCell.swift in Sources */,
				592AA0872361980200091ED1 /* ContactCard.swift in Sources */,
				59767FEE2362259300D5BCE1 /* StationSearchScreen.swift in Sources */,
				5996B07E23CF558F006533E9 /* StationDetailsTableViewCell.swift in Sources */,
				59CCF90023CE13E9001F8B04 /* HomeViewController.swift in Sources */,
				590533A6235F09820005CA8B /* TrainStationManager.swift in Sources */,
				5959042C23D0B651000F9C95 /* ScheduleTableViewCell.swift in Sources */,
				59CCF90E23CE22F2001F8B04 /* StationViewController.swift in Sources */,
				59767FF0236238FF00D5BCE1 /* HomeScreen.swift in Sources */,
				5996B08223CF6569006533E9 /* ContactsTableViewCell.swift in Sources */,
				59CCF90523CE1A5B001F8B04 /* SearchViewController.swift in Sources */,
				5959042823D0B018000F9C95 /* ScheduleTypeTableViewCell.swift in Sources */,
				592AA08D2361C28C00091ED1 /* ScheduleCard.swift in Sources */,
				59CCF90923CE1DA1001F8B04 /* TrainStationTableViewCell.swift in Sources */,
				59E13A0B23630D8C003C4E54 /* ViewStationRow.swift in Sources */,
				590533B1235F100C0005CA8B /* Constants.swift in Sources */,
				59CCF91223CE456C001F8B04 /* HeaderTableViewCell.swift in Sources */,
				59B9C2B02362DEA80019ABEB /* NavigationConfigurator.swift in Sources */,
				596CF14323607A2B00ED1A03 /* StationScreen.swift in Sources */,
			);
			runOnlyForDeploymentPostprocessing = 0;
		};
		59F47E182351BDC8001F8C47 /* Sources */ = {
			isa = PBXSourcesBuildPhase;
			buildActionMask = 2147483647;
			files = (
				59F47E212351BDC8001F8C47 /* redETests.swift in Sources */,
			);
			runOnlyForDeploymentPostprocessing = 0;
		};
/* End PBXSourcesBuildPhase section */

/* Begin PBXTargetDependency section */
		59F47E1E2351BDC8001F8C47 /* PBXTargetDependency */ = {
			isa = PBXTargetDependency;
			target = 59F47E052351BDC7001F8C47 /* redE */;
			targetProxy = 59F47E1D2351BDC8001F8C47 /* PBXContainerItemProxy */;
		};
/* End PBXTargetDependency section */

/* Begin PBXVariantGroup section */
		59E13A1023631183003C4E54 /* Localizable.strings */ = {
			isa = PBXVariantGroup;
			children = (
				59E13A0F23631183003C4E54 /* en */,
				59E13A11236311A2003C4E54 /* pt-PT */,
				59E13A12236311AA003C4E54 /* pt-BR */,
			);
			name = Localizable.strings;
			sourceTree = "<group>";
		};
		59F47E142351BDC8001F8C47 /* LaunchScreen.storyboard */ = {
			isa = PBXVariantGroup;
			children = (
				59F47E152351BDC8001F8C47 /* Base */,
			);
			name = LaunchScreen.storyboard;
			sourceTree = "<group>";
		};
/* End PBXVariantGroup section */

/* Begin XCBuildConfiguration section */
		59F47E232351BDC8001F8C47 /* Debug */ = {
			isa = XCBuildConfiguration;
			buildSettings = {
				ALWAYS_SEARCH_USER_PATHS = NO;
				CLANG_ANALYZER_LOCALIZABILITY_NONLOCALIZED = YES;
				CLANG_ANALYZER_NONNULL = YES;
				CLANG_ANALYZER_NUMBER_OBJECT_CONVERSION = YES_AGGRESSIVE;
				CLANG_CXX_LANGUAGE_STANDARD = "gnu++14";
				CLANG_CXX_LIBRARY = "libc++";
				CLANG_ENABLE_MODULES = YES;
				CLANG_ENABLE_OBJC_ARC = YES;
				CLANG_ENABLE_OBJC_WEAK = YES;
				CLANG_WARN_BLOCK_CAPTURE_AUTORELEASING = YES;
				CLANG_WARN_BOOL_CONVERSION = YES;
				CLANG_WARN_COMMA = YES;
				CLANG_WARN_CONSTANT_CONVERSION = YES;
				CLANG_WARN_DEPRECATED_OBJC_IMPLEMENTATIONS = YES;
				CLANG_WARN_DIRECT_OBJC_ISA_USAGE = YES_ERROR;
				CLANG_WARN_DOCUMENTATION_COMMENTS = YES;
				CLANG_WARN_EMPTY_BODY = YES;
				CLANG_WARN_ENUM_CONVERSION = YES;
				CLANG_WARN_INFINITE_RECURSION = YES;
				CLANG_WARN_INT_CONVERSION = YES;
				CLANG_WARN_NON_LITERAL_NULL_CONVERSION = YES;
				CLANG_WARN_OBJC_IMPLICIT_RETAIN_SELF = YES;
				CLANG_WARN_OBJC_LITERAL_CONVERSION = YES;
				CLANG_WARN_OBJC_ROOT_CLASS = YES_ERROR;
				CLANG_WARN_RANGE_LOOP_ANALYSIS = YES;
				CLANG_WARN_STRICT_PROTOTYPES = YES;
				CLANG_WARN_SUSPICIOUS_MOVE = YES;
				CLANG_WARN_UNGUARDED_AVAILABILITY = YES_AGGRESSIVE;
				CLANG_WARN_UNREACHABLE_CODE = YES;
				CLANG_WARN__DUPLICATE_METHOD_MATCH = YES;
				COPY_PHASE_STRIP = NO;
				DEBUG_INFORMATION_FORMAT = dwarf;
				ENABLE_STRICT_OBJC_MSGSEND = YES;
				ENABLE_TESTABILITY = YES;
				GCC_C_LANGUAGE_STANDARD = gnu11;
				GCC_DYNAMIC_NO_PIC = NO;
				GCC_NO_COMMON_BLOCKS = YES;
				GCC_OPTIMIZATION_LEVEL = 0;
				GCC_PREPROCESSOR_DEFINITIONS = (
					"DEBUG=1",
					"$(inherited)",
				);
				GCC_WARN_64_TO_32_BIT_CONVERSION = YES;
				GCC_WARN_ABOUT_RETURN_TYPE = YES_ERROR;
				GCC_WARN_UNDECLARED_SELECTOR = YES;
				GCC_WARN_UNINITIALIZED_AUTOS = YES_AGGRESSIVE;
				GCC_WARN_UNUSED_FUNCTION = YES;
				GCC_WARN_UNUSED_VARIABLE = YES;
				IPHONEOS_DEPLOYMENT_TARGET = 13.0;
				MTL_ENABLE_DEBUG_INFO = INCLUDE_SOURCE;
				MTL_FAST_MATH = YES;
				ONLY_ACTIVE_ARCH = YES;
				SDKROOT = iphoneos;
				SWIFT_ACTIVE_COMPILATION_CONDITIONS = DEBUG;
				SWIFT_OPTIMIZATION_LEVEL = "-Onone";
			};
			name = Debug;
		};
		59F47E242351BDC8001F8C47 /* Release */ = {
			isa = XCBuildConfiguration;
			buildSettings = {
				ALWAYS_SEARCH_USER_PATHS = NO;
				CLANG_ANALYZER_LOCALIZABILITY_NONLOCALIZED = YES;
				CLANG_ANALYZER_NONNULL = YES;
				CLANG_ANALYZER_NUMBER_OBJECT_CONVERSION = YES_AGGRESSIVE;
				CLANG_CXX_LANGUAGE_STANDARD = "gnu++14";
				CLANG_CXX_LIBRARY = "libc++";
				CLANG_ENABLE_MODULES = YES;
				CLANG_ENABLE_OBJC_ARC = YES;
				CLANG_ENABLE_OBJC_WEAK = YES;
				CLANG_WARN_BLOCK_CAPTURE_AUTORELEASING = YES;
				CLANG_WARN_BOOL_CONVERSION = YES;
				CLANG_WARN_COMMA = YES;
				CLANG_WARN_CONSTANT_CONVERSION = YES;
				CLANG_WARN_DEPRECATED_OBJC_IMPLEMENTATIONS = YES;
				CLANG_WARN_DIRECT_OBJC_ISA_USAGE = YES_ERROR;
				CLANG_WARN_DOCUMENTATION_COMMENTS = YES;
				CLANG_WARN_EMPTY_BODY = YES;
				CLANG_WARN_ENUM_CONVERSION = YES;
				CLANG_WARN_INFINITE_RECURSION = YES;
				CLANG_WARN_INT_CONVERSION = YES;
				CLANG_WARN_NON_LITERAL_NULL_CONVERSION = YES;
				CLANG_WARN_OBJC_IMPLICIT_RETAIN_SELF = YES;
				CLANG_WARN_OBJC_LITERAL_CONVERSION = YES;
				CLANG_WARN_OBJC_ROOT_CLASS = YES_ERROR;
				CLANG_WARN_RANGE_LOOP_ANALYSIS = YES;
				CLANG_WARN_STRICT_PROTOTYPES = YES;
				CLANG_WARN_SUSPICIOUS_MOVE = YES;
				CLANG_WARN_UNGUARDED_AVAILABILITY = YES_AGGRESSIVE;
				CLANG_WARN_UNREACHABLE_CODE = YES;
				CLANG_WARN__DUPLICATE_METHOD_MATCH = YES;
				COPY_PHASE_STRIP = NO;
				DEBUG_INFORMATION_FORMAT = "dwarf-with-dsym";
				ENABLE_NS_ASSERTIONS = NO;
				ENABLE_STRICT_OBJC_MSGSEND = YES;
				GCC_C_LANGUAGE_STANDARD = gnu11;
				GCC_NO_COMMON_BLOCKS = YES;
				GCC_WARN_64_TO_32_BIT_CONVERSION = YES;
				GCC_WARN_ABOUT_RETURN_TYPE = YES_ERROR;
				GCC_WARN_UNDECLARED_SELECTOR = YES;
				GCC_WARN_UNINITIALIZED_AUTOS = YES_AGGRESSIVE;
				GCC_WARN_UNUSED_FUNCTION = YES;
				GCC_WARN_UNUSED_VARIABLE = YES;
				IPHONEOS_DEPLOYMENT_TARGET = 13.0;
				MTL_ENABLE_DEBUG_INFO = NO;
				MTL_FAST_MATH = YES;
				SDKROOT = iphoneos;
				SWIFT_COMPILATION_MODE = wholemodule;
				SWIFT_OPTIMIZATION_LEVEL = "-O";
				VALIDATE_PRODUCT = YES;
			};
			name = Release;
		};
		59F47E262351BDC8001F8C47 /* Debug */ = {
			isa = XCBuildConfiguration;
			buildSettings = {
				ASSETCATALOG_COMPILER_APPICON_NAME = AppIcon;
				CODE_SIGN_STYLE = Automatic;
				CURRENT_PROJECT_VERSION = 1;
				DEVELOPMENT_ASSET_PATHS = "\"Source/Preview Content\"";
				DEVELOPMENT_TEAM = GE86H7RNX5;
				ENABLE_PREVIEWS = YES;
				INFOPLIST_FILE = Targets/redE/Info.plist;
				LD_RUNPATH_SEARCH_PATHS = (
					"$(inherited)",
					"@executable_path/Frameworks",
				);
				MARKETING_VERSION = 2019.5;
				PRODUCT_BUNDLE_IDENTIFIER = com.keirmot.redE;
				PRODUCT_NAME = "$(TARGET_NAME)";
				SWIFT_VERSION = 5.0;
				TARGETED_DEVICE_FAMILY = 1;
			};
			name = Debug;
		};
		59F47E272351BDC8001F8C47 /* Release */ = {
			isa = XCBuildConfiguration;
			buildSettings = {
				ASSETCATALOG_COMPILER_APPICON_NAME = AppIcon;
				CODE_SIGN_STYLE = Automatic;
				CURRENT_PROJECT_VERSION = 1;
				DEVELOPMENT_ASSET_PATHS = "\"Source/Preview Content\"";
				DEVELOPMENT_TEAM = GE86H7RNX5;
				ENABLE_PREVIEWS = YES;
				INFOPLIST_FILE = Targets/redE/Info.plist;
				LD_RUNPATH_SEARCH_PATHS = (
					"$(inherited)",
					"@executable_path/Frameworks",
				);
				MARKETING_VERSION = 2019.5;
				PRODUCT_BUNDLE_IDENTIFIER = com.keirmot.redE;
				PRODUCT_NAME = "$(TARGET_NAME)";
				SWIFT_VERSION = 5.0;
				TARGETED_DEVICE_FAMILY = 1;
			};
			name = Release;
		};
		59F47E292351BDC8001F8C47 /* Debug */ = {
			isa = XCBuildConfiguration;
			buildSettings = {
				ALWAYS_EMBED_SWIFT_STANDARD_LIBRARIES = YES;
				BUNDLE_LOADER = "$(TEST_HOST)";
				CODE_SIGN_STYLE = Automatic;
				DEVELOPMENT_TEAM = GE86H7RNX5;
				INFOPLIST_FILE = redETests/Info.plist;
				IPHONEOS_DEPLOYMENT_TARGET = 13.0;
				LD_RUNPATH_SEARCH_PATHS = (
					"$(inherited)",
					"@executable_path/Frameworks",
					"@loader_path/Frameworks",
				);
				PRODUCT_BUNDLE_IDENTIFIER = com.keirmot.redETests;
				PRODUCT_NAME = "$(TARGET_NAME)";
				SWIFT_VERSION = 5.0;
				TARGETED_DEVICE_FAMILY = "1,2";
				TEST_HOST = "$(BUILT_PRODUCTS_DIR)/redE.app/redE";
			};
			name = Debug;
		};
		59F47E2A2351BDC8001F8C47 /* Release */ = {
			isa = XCBuildConfiguration;
			buildSettings = {
				ALWAYS_EMBED_SWIFT_STANDARD_LIBRARIES = YES;
				BUNDLE_LOADER = "$(TEST_HOST)";
				CODE_SIGN_STYLE = Automatic;
				DEVELOPMENT_TEAM = GE86H7RNX5;
				INFOPLIST_FILE = redETests/Info.plist;
				IPHONEOS_DEPLOYMENT_TARGET = 13.0;
				LD_RUNPATH_SEARCH_PATHS = (
					"$(inherited)",
					"@executable_path/Frameworks",
					"@loader_path/Frameworks",
				);
				PRODUCT_BUNDLE_IDENTIFIER = com.keirmot.redETests;
				PRODUCT_NAME = "$(TARGET_NAME)";
				SWIFT_VERSION = 5.0;
				TARGETED_DEVICE_FAMILY = "1,2";
				TEST_HOST = "$(BUILT_PRODUCTS_DIR)/redE.app/redE";
			};
			name = Release;
		};
/* End XCBuildConfiguration section */

/* Begin XCConfigurationList section */
		59F47E012351BDC7001F8C47 /* Build configuration list for PBXProject "redE" */ = {
			isa = XCConfigurationList;
			buildConfigurations = (
				59F47E232351BDC8001F8C47 /* Debug */,
				59F47E242351BDC8001F8C47 /* Release */,
			);
			defaultConfigurationIsVisible = 0;
			defaultConfigurationName = Release;
		};
		59F47E252351BDC8001F8C47 /* Build configuration list for PBXNativeTarget "redE" */ = {
			isa = XCConfigurationList;
			buildConfigurations = (
				59F47E262351BDC8001F8C47 /* Debug */,
				59F47E272351BDC8001F8C47 /* Release */,
			);
			defaultConfigurationIsVisible = 0;
			defaultConfigurationName = Release;
		};
		59F47E282351BDC8001F8C47 /* Build configuration list for PBXNativeTarget "redETests" */ = {
			isa = XCConfigurationList;
			buildConfigurations = (
				59F47E292351BDC8001F8C47 /* Debug */,
				59F47E2A2351BDC8001F8C47 /* Release */,
			);
			defaultConfigurationIsVisible = 0;
			defaultConfigurationName = Release;
		};
/* End XCConfigurationList section */

/* Begin XCRemoteSwiftPackageReference section */
		590533AB235F0D370005CA8B /* XCRemoteSwiftPackageReference "KeirmotUtils" */ = {
			isa = XCRemoteSwiftPackageReference;
			repositoryURL = "https://github.com/keirmot/KeirmotUtils.git";
			requirement = {
				kind = upToNextMajorVersion;
				minimumVersion = 1.0.6;
			};
		};
/* End XCRemoteSwiftPackageReference section */

/* Begin XCSwiftPackageProductDependency section */
		590533AC235F0D370005CA8B /* KeirmotUtils */ = {
			isa = XCSwiftPackageProductDependency;
			package = 590533AB235F0D370005CA8B /* XCRemoteSwiftPackageReference "KeirmotUtils" */;
			productName = KeirmotUtils;
		};
/* End XCSwiftPackageProductDependency section */
	};
	rootObject = 59F47DFE2351BDC7001F8C47 /* Project object */;
}
